// !$*UTF8*$!
{
	archiveVersion = 1;
	classes = {
	};
	objectVersion = 48;
	objects = {

/* Begin PBXBuildFile section */
		6FAA77BE1FBB4A6000986D52 /* AppDelegate.m in Sources */ = {isa = PBXBuildFile; fileRef = 6FAA77BD1FBB4A6000986D52 /* AppDelegate.m */; };
		6FAA77C11FBB4A6000986D52 /* ViewController.m in Sources */ = {isa = PBXBuildFile; fileRef = 6FAA77C01FBB4A6000986D52 /* ViewController.m */; };
		6FAA77C41FBB4A6000986D52 /* Main.storyboard in Resources */ = {isa = PBXBuildFile; fileRef = 6FAA77C21FBB4A6000986D52 /* Main.storyboard */; };
		6FAA77C61FBB4A6000986D52 /* Assets.xcassets in Resources */ = {isa = PBXBuildFile; fileRef = 6FAA77C51FBB4A6000986D52 /* Assets.xcassets */; };
		6FAA77C91FBB4A6000986D52 /* LaunchScreen.storyboard in Resources */ = {isa = PBXBuildFile; fileRef = 6FAA77C71FBB4A6000986D52 /* LaunchScreen.storyboard */; };
		6FAA77CC1FBB4A6000986D52 /* main.m in Sources */ = {isa = PBXBuildFile; fileRef = 6FAA77CB1FBB4A6000986D52 /* main.m */; };
		6FAA77D61FBB4A6100986D52 /* xuexiTests.m in Sources */ = {isa = PBXBuildFile; fileRef = 6FAA77D51FBB4A6100986D52 /* xuexiTests.m */; };
		6FAA77E11FBB4A6100986D52 /* xuexiUITests.m in Sources */ = {isa = PBXBuildFile; fileRef = 6FAA77E01FBB4A6100986D52 /* xuexiUITests.m */; };
/* End PBXBuildFile section */

/* Begin PBXContainerItemProxy section */
		6FAA77D21FBB4A6100986D52 /* PBXContainerItemProxy */ = {
			isa = PBXContainerItemProxy;
			containerPortal = 6FAA77B11FBB4A6000986D52 /* Project object */;
			proxyType = 1;
			remoteGlobalIDString = 6FAA77B81FBB4A6000986D52;
			remoteInfo = xuexi;
		};
		6FAA77DD1FBB4A6100986D52 /* PBXContainerItemProxy */ = {
			isa = PBXContainerItemProxy;
			containerPortal = 6FAA77B11FBB4A6000986D52 /* Project object */;
			proxyType = 1;
			remoteGlobalIDString = 6FAA77B81FBB4A6000986D52;
			remoteInfo = xuexi;
		};
/* End PBXContainerItemProxy section */

/* Begin PBXFileReference section */
		6FAA77B91FBB4A6000986D52 /* xuexi.app */ = {isa = PBXFileReference; explicitFileType = wrapper.application; includeInIndex = 0; path = xuexi.app; sourceTree = BUILT_PRODUCTS_DIR; };
		6FAA77BC1FBB4A6000986D52 /* AppDelegate.h */ = {isa = PBXFileReference; lastKnownFileType = sourcecode.c.h; path = AppDelegate.h; sourceTree = "<group>"; };
		6FAA77BD1FBB4A6000986D52 /* AppDelegate.m */ = {isa = PBXFileReference; lastKnownFileType = sourcecode.c.objc; path = AppDelegate.m; sourceTree = "<group>"; };
		6FAA77BF1FBB4A6000986D52 /* ViewController.h */ = {isa = PBXFileReference; lastKnownFileType = sourcecode.c.h; path = ViewController.h; sourceTree = "<group>"; };
		6FAA77C01FBB4A6000986D52 /* ViewController.m */ = {isa = PBXFileReference; lastKnownFileType = sourcecode.c.objc; path = ViewController.m; sourceTree = "<group>"; };
		6FAA77C31FBB4A6000986D52 /* Base */ = {isa = PBXFileReference; lastKnownFileType = file.storyboard; name = Base; path = Base.lproj/Main.storyboard; sourceTree = "<group>"; };
		6FAA77C51FBB4A6000986D52 /* Assets.xcassets */ = {isa = PBXFileReference; lastKnownFileType = folder.assetcatalog; path = Assets.xcassets; sourceTree = "<group>"; };
		6FAA77C81FBB4A6000986D52 /* Base */ = {isa = PBXFileReference; lastKnownFileType = file.storyboard; name = Base; path = Base.lproj/LaunchScreen.storyboard; sourceTree = "<group>"; };
		6FAA77CA1FBB4A6000986D52 /* Info.plist */ = {isa = PBXFileReference; lastKnownFileType = text.plist.xml; path = Info.plist; sourceTree = "<group>"; };
		6FAA77CB1FBB4A6000986D52 /* main.m */ = {isa = PBXFileReference; lastKnownFileType = sourcecode.c.objc; path = main.m; sourceTree = "<group>"; };
		6FAA77D11FBB4A6100986D52 /* xuexiTests.xctest */ = {isa = PBXFileReference; explicitFileType = wrapper.cfbundle; includeInIndex = 0; path = xuexiTests.xctest; sourceTree = BUILT_PRODUCTS_DIR; };
		6FAA77D51FBB4A6100986D52 /* xuexiTests.m */ = {isa = PBXFileReference; lastKnownFileType = sourcecode.c.objc; path = xuexiTests.m; sourceTree = "<group>"; };
		6FAA77D71FBB4A6100986D52 /* Info.plist */ = {isa = PBXFileReference; lastKnownFileType = text.plist.xml; path = Info.plist; sourceTree = "<group>"; };
		6FAA77DC1FBB4A6100986D52 /* xuexiUITests.xctest */ = {isa = PBXFileReference; explicitFileType = wrapper.cfbundle; includeInIndex = 0; path = xuexiUITests.xctest; sourceTree = BUILT_PRODUCTS_DIR; };
		6FAA77E01FBB4A6100986D52 /* xuexiUITests.m */ = {isa = PBXFileReference; lastKnownFileType = sourcecode.c.objc; path = xuexiUITests.m; sourceTree = "<group>"; };
		6FAA77E21FBB4A6100986D52 /* Info.plist */ = {isa = PBXFileReference; lastKnownFileType = text.plist.xml; path = Info.plist; sourceTree = "<group>"; };
/* End PBXFileReference section */

/* Begin PBXFrameworksBuildPhase section */
		6FAA77B61FBB4A6000986D52 /* Frameworks */ = {
			isa = PBXFrameworksBuildPhase;
			buildActionMask = 2147483647;
			files = (
			);
			runOnlyForDeploymentPostprocessing = 0;
		};
		6FAA77CE1FBB4A6100986D52 /* Frameworks */ = {
			isa = PBXFrameworksBuildPhase;
			buildActionMask = 2147483647;
			files = (
			);
			runOnlyForDeploymentPostprocessing = 0;
		};
		6FAA77D91FBB4A6100986D52 /* Frameworks */ = {
			isa = PBXFrameworksBuildPhase;
			buildActionMask = 2147483647;
			files = (
			);
			runOnlyForDeploymentPostprocessing = 0;
		};
/* End PBXFrameworksBuildPhase section */

/* Begin PBXGroup section */
		6FAA77B01FBB4A6000986D52 = {
			isa = PBXGroup;
			children = (
				6FAA77BB1FBB4A6000986D52 /* xuexi */,
				6FAA77D41FBB4A6100986D52 /* xuexiTests */,
				6FAA77DF1FBB4A6100986D52 /* xuexiUITests */,
				6FAA77BA1FBB4A6000986D52 /* Products */,
			);
			sourceTree = "<group>";
		};
		6FAA77BA1FBB4A6000986D52 /* Products */ = {
			isa = PBXGroup;
			children = (
				6FAA77B91FBB4A6000986D52 /* xuexi.app */,
				6FAA77D11FBB4A6100986D52 /* xuexiTests.xctest */,
				6FAA77DC1FBB4A6100986D52 /* xuexiUITests.xctest */,
			);
			name = Products;
			sourceTree = "<group>";
		};
		6FAA77BB1FBB4A6000986D52 /* xuexi */ = {
			isa = PBXGroup;
			children = (
				6FAA77BC1FBB4A6000986D52 /* AppDelegate.h */,
				6FAA77BD1FBB4A6000986D52 /* AppDelegate.m */,
				6FAA77BF1FBB4A6000986D52 /* ViewController.h */,
				6FAA77C01FBB4A6000986D52 /* ViewController.m */,
				6FAA77C21FBB4A6000986D52 /* Main.storyboard */,
				6FAA77C51FBB4A6000986D52 /* Assets.xcassets */,
				6FAA77C71FBB4A6000986D52 /* LaunchScreen.storyboard */,
				6FAA77CA1FBB4A6000986D52 /* Info.plist */,
				6FAA77CB1FBB4A6000986D52 /* main.m */,
			);
			path = xuexi;
			sourceTree = "<group>";
		};
		6FAA77D41FBB4A6100986D52 /* xuexiTests */ = {
			isa = PBXGroup;
			children = (
				6FAA77D51FBB4A6100986D52 /* xuexiTests.m */,
				6FAA77D71FBB4A6100986D52 /* Info.plist */,
			);
			path = xuexiTests;
			sourceTree = "<group>";
		};
		6FAA77DF1FBB4A6100986D52 /* xuexiUITests */ = {
			isa = PBXGroup;
			children = (
				6FAA77E01FBB4A6100986D52 /* xuexiUITests.m */,
				6FAA77E21FBB4A6100986D52 /* Info.plist */,
			);
			path = xuexiUITests;
			sourceTree = "<group>";
		};
/* End PBXGroup section */

/* Begin PBXNativeTarget section */
		6FAA77B81FBB4A6000986D52 /* xuexi */ = {
			isa = PBXNativeTarget;
			buildConfigurationList = 6FAA77E51FBB4A6100986D52 /* Build configuration list for PBXNativeTarget "xuexi" */;
			buildPhases = (
				6FAA77B51FBB4A6000986D52 /* Sources */,
				6FAA77B61FBB4A6000986D52 /* Frameworks */,
				6FAA77B71FBB4A6000986D52 /* Resources */,
			);
			buildRules = (
			);
			dependencies = (
			);
			name = xuexi;
			productName = xuexi;
			productReference = 6FAA77B91FBB4A6000986D52 /* xuexi.app */;
			productType = "com.apple.product-type.application";
		};
		6FAA77D01FBB4A6100986D52 /* xuexiTests */ = {
			isa = PBXNativeTarget;
			buildConfigurationList = 6FAA77E81FBB4A6100986D52 /* Build configuration list for PBXNativeTarget "xuexiTests" */;
			buildPhases = (
				6FAA77CD1FBB4A6100986D52 /* Sources */,
				6FAA77CE1FBB4A6100986D52 /* Frameworks */,
				6FAA77CF1FBB4A6100986D52 /* Resources */,
			);
			buildRules = (
			);
			dependencies = (
				6FAA77D31FBB4A6100986D52 /* PBXTargetDependency */,
			);
			name = xuexiTests;
			productName = xuexiTests;
			productReference = 6FAA77D11FBB4A6100986D52 /* xuexiTests.xctest */;
			productType = "com.apple.product-type.bundle.unit-test";
		};
		6FAA77DB1FBB4A6100986D52 /* xuexiUITests */ = {
			isa = PBXNativeTarget;
			buildConfigurationList = 6FAA77EB1FBB4A6100986D52 /* Build configuration list for PBXNativeTarget "xuexiUITests" */;
			buildPhases = (
				6FAA77D81FBB4A6100986D52 /* Sources */,
				6FAA77D91FBB4A6100986D52 /* Frameworks */,
				6FAA77DA1FBB4A6100986D52 /* Resources */,
			);
			buildRules = (
			);
			dependencies = (
				6FAA77DE1FBB4A6100986D52 /* PBXTargetDependency */,
			);
			name = xuexiUITests;
			productName = xuexiUITests;
			productReference = 6FAA77DC1FBB4A6100986D52 /* xuexiUITests.xctest */;
			productType = "com.apple.product-type.bundle.ui-testing";
		};
/* End PBXNativeTarget section */

/* Begin PBXProject section */
		6FAA77B11FBB4A6000986D52 /* Project object */ = {
			isa = PBXProject;
			attributes = {
				LastUpgradeCheck = 0910;
				ORGANIZATIONNAME = NarutoMac;
				TargetAttributes = {
					6FAA77B81FBB4A6000986D52 = {
						CreatedOnToolsVersion = 9.1;
						ProvisioningStyle = Automatic;
					};
					6FAA77D01FBB4A6100986D52 = {
						CreatedOnToolsVersion = 9.1;
						ProvisioningStyle = Automatic;
						TestTargetID = 6FAA77B81FBB4A6000986D52;
					};
					6FAA77DB1FBB4A6100986D52 = {
						CreatedOnToolsVersion = 9.1;
						ProvisioningStyle = Automatic;
						TestTargetID = 6FAA77B81FBB4A6000986D52;
					};
				};
			};
			buildConfigurationList = 6FAA77B41FBB4A6000986D52 /* Build configuration list for PBXProject "xuexi" */;
			compatibilityVersion = "Xcode 8.0";
			developmentRegion = en;
			hasScannedForEncodings = 0;
			knownRegions = (
				en,
				Base,
			);
			mainGroup = 6FAA77B01FBB4A6000986D52;
			productRefGroup = 6FAA77BA1FBB4A6000986D52 /* Products */;
			projectDirPath = "";
			projectRoot = "";
			targets = (
				6FAA77B81FBB4A6000986D52 /* xuexi */,
				6FAA77D01FBB4A6100986D52 /* xuexiTests */,
				6FAA77DB1FBB4A6100986D52 /* xuexiUITests */,
			);
		};
/* End PBXProject section */

/* Begin PBXResourcesBuildPhase section */
		6FAA77B71FBB4A6000986D52 /* Resources */ = {
			isa = PBXResourcesBuildPhase;
			buildActionMask = 2147483647;
			files = (
				6FAA77C91FBB4A6000986D52 /* LaunchScreen.storyboard in Resources */,
				6FAA77C61FBB4A6000986D52 /* Assets.xcassets in Resources */,
				6FAA77C41FBB4A6000986D52 /* Main.storyboard in Resources */,
			);
			runOnlyForDeploymentPostprocessing = 0;
		};
		6FAA77CF1FBB4A6100986D52 /* Resources */ = {
			isa = PBXResourcesBuildPhase;
			buildActionMask = 2147483647;
			files = (
			);
			runOnlyForDeploymentPostprocessing = 0;
		};
		6FAA77DA1FBB4A6100986D52 /* Resources */ = {
			isa = PBXResourcesBuildPhase;
			buildActionMask = 2147483647;
			files = (
			);
			runOnlyForDeploymentPostprocessing = 0;
		};
/* End PBXResourcesBuildPhase section */

/* Begin PBXSourcesBuildPhase section */
		6FAA77B51FBB4A6000986D52 /* Sources */ = {
			isa = PBXSourcesBuildPhase;
			buildActionMask = 2147483647;
			files = (
				6FAA77C11FBB4A6000986D52 /* ViewController.m in Sources */,
				6FAA77CC1FBB4A6000986D52 /* main.m in Sources */,
				6FAA77BE1FBB4A6000986D52 /* AppDelegate.m in Sources */,
			);
			runOnlyForDeploymentPostprocessing = 0;
		};
		6FAA77CD1FBB4A6100986D52 /* Sources */ = {
			isa = PBXSourcesBuildPhase;
			buildActionMask = 2147483647;
			files = (
				6FAA77D61FBB4A6100986D52 /* xuexiTests.m in Sources */,
			);
			runOnlyForDeploymentPostprocessing = 0;
		};
		6FAA77D81FBB4A6100986D52 /* Sources */ = {
			isa = PBXSourcesBuildPhase;
			buildActionMask = 2147483647;
			files = (
				6FAA77E11FBB4A6100986D52 /* xuexiUITests.m in Sources */,
			);
			runOnlyForDeploymentPostprocessing = 0;
		};
/* End PBXSourcesBuildPhase section */

/* Begin PBXTargetDependency section */
		6FAA77D31FBB4A6100986D52 /* PBXTargetDependency */ = {
			isa = PBXTargetDependency;
			target = 6FAA77B81FBB4A6000986D52 /* xuexi */;
			targetProxy = 6FAA77D21FBB4A6100986D52 /* PBXContainerItemProxy */;
		};
		6FAA77DE1FBB4A6100986D52 /* PBXTargetDependency */ = {
			isa = PBXTargetDependency;
			target = 6FAA77B81FBB4A6000986D52 /* xuexi */;
			targetProxy = 6FAA77DD1FBB4A6100986D52 /* PBXContainerItemProxy */;
		};
/* End PBXTargetDependency section */

/* Begin PBXVariantGroup section */
		6FAA77C21FBB4A6000986D52 /* Main.storyboard */ = {
			isa = PBXVariantGroup;
			children = (
				6FAA77C31FBB4A6000986D52 /* Base */,
			);
			name = Main.storyboard;
			sourceTree = "<group>";
		};
		6FAA77C71FBB4A6000986D52 /* LaunchScreen.storyboard */ = {
			isa = PBXVariantGroup;
			children = (
				6FAA77C81FBB4A6000986D52 /* Base */,
			);
			name = LaunchScreen.storyboard;
			sourceTree = "<group>";
		};
/* End PBXVariantGroup section */

/* Begin XCBuildConfiguration section */
		6FAA77E31FBB4A6100986D52 /* Debug */ = {
			isa = XCBuildConfiguration;
			buildSettings = {
				ALWAYS_SEARCH_USER_PATHS = NO;
				CLANG_ANALYZER_NONNULL = YES;
				CLANG_ANALYZER_NUMBER_OBJECT_CONVERSION = YES_AGGRESSIVE;
				CLANG_CXX_LANGUAGE_STANDARD = "gnu++14";
				CLANG_CXX_LIBRARY = "libc++";
				CLANG_ENABLE_MODULES = YES;
				CLANG_ENABLE_OBJC_ARC = YES;
				CLANG_WARN_BLOCK_CAPTURE_AUTORELEASING = YES;
				CLANG_WARN_BOOL_CONVERSION = YES;
				CLANG_WARN_COMMA = YES;
				CLANG_WARN_CONSTANT_CONVERSION = YES;
				CLANG_WARN_DIRECT_OBJC_ISA_USAGE = YES_ERROR;
				CLANG_WARN_DOCUMENTATION_COMMENTS = YES;
				CLANG_WARN_EMPTY_BODY = YES;
				CLANG_WARN_ENUM_CONVERSION = YES;
				CLANG_WARN_INFINITE_RECURSION = YES;
				CLANG_WARN_INT_CONVERSION = YES;
				CLANG_WARN_NON_LITERAL_NULL_CONVERSION = YES;
				CLANG_WARN_OBJC_LITERAL_CONVERSION = YES;
				CLANG_WARN_OBJC_ROOT_CLASS = YES_ERROR;
				CLANG_WARN_RANGE_LOOP_ANALYSIS = YES;
				CLANG_WARN_STRICT_PROTOTYPES = YES;
				CLANG_WARN_SUSPICIOUS_MOVE = YES;
				CLANG_WARN_UNGUARDED_AVAILABILITY = YES_AGGRESSIVE;
				CLANG_WARN_UNREACHABLE_CODE = YES;
				CLANG_WARN__DUPLICATE_METHOD_MATCH = YES;
				CODE_SIGN_IDENTITY = "iPhone Developer";
				COPY_PHASE_STRIP = NO;
				DEBUG_INFORMATION_FORMAT = dwarf;
				ENABLE_STRICT_OBJC_MSGSEND = YES;
				ENABLE_TESTABILITY = YES;
				GCC_C_LANGUAGE_STANDARD = gnu11;
				GCC_DYNAMIC_NO_PIC = NO;
				GCC_NO_COMMON_BLOCKS = YES;
				GCC_OPTIMIZATION_LEVEL = 0;
				GCC_PREPROCESSOR_DEFINITIONS = (
					"DEBUG=1",
					"$(inherited)",
				);
				GCC_WARN_64_TO_32_BIT_CONVERSION = YES;
				GCC_WARN_ABOUT_RETURN_TYPE = YES_ERROR;
				GCC_WARN_UNDECLARED_SELECTOR = YES;
				GCC_WARN_UNINITIALIZED_AUTOS = YES_AGGRESSIVE;
				GCC_WARN_UNUSED_FUNCTION = YES;
				GCC_WARN_UNUSED_VARIABLE = YES;
				IPHONEOS_DEPLOYMENT_TARGET = 11.1;
				MTL_ENABLE_DEBUG_INFO = YES;
				ONLY_ACTIVE_ARCH = YES;
				SDKROOT = iphoneos;
			};
			name = Debug;
		};
		6FAA77E41FBB4A6100986D52 /* Release */ = {
			isa = XCBuildConfiguration;
			buildSettings = {
				ALWAYS_SEARCH_USER_PATHS = NO;
				CLANG_ANALYZER_NONNULL = YES;
				CLANG_ANALYZER_NUMBER_OBJECT_CONVERSION = YES_AGGRESSIVE;
				CLANG_CXX_LANGUAGE_STANDARD = "gnu++14";
				CLANG_CXX_LIBRARY = "libc++";
				CLANG_ENABLE_MODULES = YES;
				CLANG_ENABLE_OBJC_ARC = YES;
				CLANG_WARN_BLOCK_CAPTURE_AUTORELEASING = YES;
				CLANG_WARN_BOOL_CONVERSION = YES;
				CLANG_WARN_COMMA = YES;
				CLANG_WARN_CONSTANT_CONVERSION = YES;
				CLANG_WARN_DIRECT_OBJC_ISA_USAGE = YES_ERROR;
				CLANG_WARN_DOCUMENTATION_COMMENTS = YES;
				CLANG_WARN_EMPTY_BODY = YES;
				CLANG_WARN_ENUM_CONVERSION = YES;
				CLANG_WARN_INFINITE_RECURSION = YES;
				CLANG_WARN_INT_CONVERSION = YES;
				CLANG_WARN_NON_LITERAL_NULL_CONVERSION = YES;
				CLANG_WARN_OBJC_LITERAL_CONVERSION = YES;
				CLANG_WARN_OBJC_ROOT_CLASS = YES_ERROR;
				CLANG_WARN_RANGE_LOOP_ANALYSIS = YES;
				CLANG_WARN_STRICT_PROTOTYPES = YES;
				CLANG_WARN_SUSPICIOUS_MOVE = YES;
				CLANG_WARN_UNGUARDED_AVAILABILITY = YES_AGGRESSIVE;
				CLANG_WARN_UNREACHABLE_CODE = YES;
				CLANG_WARN__DUPLICATE_METHOD_MATCH = YES;
				CODE_SIGN_IDENTITY = "iPhone Developer";
				COPY_PHASE_STRIP = NO;
				DEBUG_INFORMATION_FORMAT = "dwarf-with-dsym";
				ENABLE_NS_ASSERTIONS = NO;
				ENABLE_STRICT_OBJC_MSGSEND = YES;
				GCC_C_LANGUAGE_STANDARD = gnu11;
				GCC_NO_COMMON_BLOCKS = YES;
				GCC_WARN_64_TO_32_BIT_CONVERSION = YES;
				GCC_WARN_ABOUT_RETURN_TYPE = YES_ERROR;
				GCC_WARN_UNDECLARED_SELECTOR = YES;
				GCC_WARN_UNINITIALIZED_AUTOS = YES_AGGRESSIVE;
				GCC_WARN_UNUSED_FUNCTION = YES;
				GCC_WARN_UNUSED_VARIABLE = YES;
				IPHONEOS_DEPLOYMENT_TARGET = 11.1;
				MTL_ENABLE_DEBUG_INFO = NO;
				SDKROOT = iphoneos;
				VALIDATE_PRODUCT = YES;
			};
			name = Release;
		};
		6FAA77E61FBB4A6100986D52 /* Debug */ = {
			isa = XCBuildConfiguration;
			buildSettings = {
				ASSETCATALOG_COMPILER_APPICON_NAME = AppIcon;
				CODE_SIGN_STYLE = Automatic;
				INFOPLIST_FILE = xuexi/Info.plist;
				LD_RUNPATH_SEARCH_PATHS = "$(inherited) @executable_path/Frameworks";
				PRODUCT_BUNDLE_IDENTIFIER = NarutoMac.xuexi;
				PRODUCT_NAME = "$(TARGET_NAME)";
				TARGETED_DEVICE_FAMILY = "1,2";
			};
			name = Debug;
		};
		6FAA77E71FBB4A6100986D52 /* Release */ = {
			isa = XCBuildConfiguration;
			buildSettings = {
				ASSETCATALOG_COMPILER_APPICON_NAME = AppIcon;
				CODE_SIGN_STYLE = Automatic;
				INFOPLIST_FILE = xuexi/Info.plist;
				LD_RUNPATH_SEARCH_PATHS = "$(inherited) @executable_path/Frameworks";
				PRODUCT_BUNDLE_IDENTIFIER = NarutoMac.xuexi;
				PRODUCT_NAME = "$(TARGET_NAME)";
				TARGETED_DEVICE_FAMILY = "1,2";
			};
			name = Release;
		};
		6FAA77E91FBB4A6100986D52 /* Debug */ = {
			isa = XCBuildConfiguration;
			buildSettings = {
				BUNDLE_LOADER = "$(TEST_HOST)";
				CODE_SIGN_STYLE = Automatic;
				INFOPLIST_FILE = xuexiTests/Info.plist;
				LD_RUNPATH_SEARCH_PATHS = "$(inherited) @executable_path/Frameworks @loader_path/Frameworks";
				PRODUCT_BUNDLE_IDENTIFIER = NarutoMac.xuexiTests;
				PRODUCT_NAME = "$(TARGET_NAME)";
				TARGETED_DEVICE_FAMILY = "1,2";
				TEST_HOST = "$(BUILT_PRODUCTS_DIR)/xuexi.app/xuexi";
			};
			name = Debug;
		};
		6FAA77EA1FBB4A6100986D52 /* Release */ = {
			isa = XCBuildConfiguration;
			buildSettings = {
				BUNDLE_LOADER = "$(TEST_HOST)";
				CODE_SIGN_STYLE = Automatic;
				INFOPLIST_FILE = xuexiTests/Info.plist;
				LD_RUNPATH_SEARCH_PATHS = "$(inherited) @executable_path/Frameworks @loader_path/Frameworks";
				PRODUCT_BUNDLE_IDENTIFIER = NarutoMac.xuexiTests;
				PRODUCT_NAME = "$(TARGET_NAME)";
				TARGETED_DEVICE_FAMILY = "1,2";
				TEST_HOST = "$(BUILT_PRODUCTS_DIR)/xuexi.app/xuexi";
			};
			name = Release;
		};
		6FAA77EC1FBB4A6100986D52 /* Debug */ = {
			isa = XCBuildConfiguration;
			buildSettings = {
				CODE_SIGN_STYLE = Automatic;
				INFOPLIST_FILE = xuexiUITests/Info.plist;
				LD_RUNPATH_SEARCH_PATHS = "$(inherited) @executable_path/Frameworks @loader_path/Frameworks";
				PRODUCT_BUNDLE_IDENTIFIER = NarutoMac.xuexiUITests;
				PRODUCT_NAME = "$(TARGET_NAME)";
				TARGETED_DEVICE_FAMILY = "1,2";
				TEST_TARGET_NAME = xuexi;
			};
			name = Debug;
		};
		6FAA77ED1FBB4A6100986D52 /* Release */ = {
			isa = XCBuildConfiguration;
			buildSettings = {
				CODE_SIGN_STYLE = Automatic;
				INFOPLIST_FILE = xuexiUITests/Info.plist;
				LD_RUNPATH_SEARCH_PATHS = "$(inherited) @executable_path/Frameworks @loader_path/Frameworks";
				PRODUCT_BUNDLE_IDENTIFIER = NarutoMac.xuexiUITests;
				PRODUCT_NAME = "$(TARGET_NAME)";
				TARGETED_DEVICE_FAMILY = "1,2";
				TEST_TARGET_NAME = xuexi;
			};
			name = Release;
		};
/* End XCBuildConfiguration section */

/* Begin XCConfigurationList section */
		6FAA77B41FBB4A6000986D52 /* Build configuration list for PBXProject "xuexi" */ = {
			isa = XCConfigurationList;
			buildConfigurations = (
				6FAA77E31FBB4A6100986D52 /* Debug */,
				6FAA77E41FBB4A6100986D52 /* Release */,
			);
			defaultConfigurationIsVisible = 0;
			defaultConfigurationName = Release;
		};
		6FAA77E51FBB4A6100986D52 /* Build configuration list for PBXNativeTarget "xuexi" */ = {
			isa = XCConfigurationList;
			buildConfigurations = (
				6FAA77E61FBB4A6100986D52 /* Debug */,
				6FAA77E71FBB4A6100986D52 /* Release */,
			);
			defaultConfigurationIsVisible = 0;
			defaultConfigurationName = Release;
		};
		6FAA77E81FBB4A6100986D52 /* Build configuration list for PBXNativeTarget "xuexiTests" */ = {
			isa = XCConfigurationList;
			buildConfigurations = (
				6FAA77E91FBB4A6100986D52 /* Debug */,
				6FAA77EA1FBB4A6100986D52 /* Release */,
			);
			defaultConfigurationIsVisible = 0;
			defaultConfigurationName = Release;
		};
		6FAA77EB1FBB4A6100986D52 /* Build configuration list for PBXNativeTarget "xuexiUITests" */ = {
			isa = XCConfigurationList;
			buildConfigurations = (
				6FAA77EC1FBB4A6100986D52 /* Debug */,
				6FAA77ED1FBB4A6100986D52 /* Release */,
			);
			defaultConfigurationIsVisible = 0;
			defaultConfigurationName = Release;
		};
/* End XCConfigurationList section */
	};
	rootObject = 6FAA77B11FBB4A6000986D52 /* Project object */;
}
